{
    "_readme": [
        "This file locks the dependencies of your project to a known state",
        "Read more about it at http://getcomposer.org/doc/01-basic-usage.md#composer-lock-the-lock-file"
    ],
    "hash": "4ae50d98e586b639f18c761bcc413382",
    "packages": [
        {
            "name": "microphork/framework",
            "version": "dev-master",
            "source": {
                "type": "git",
                "url": "https://github.com/phork/microphork.git",
                "reference": "d7c6a3b2b72f2b61532d556870642ef882bda722"
            },
            "dist": {
                "type": "zip",
                "url": "https://api.github.com/repos/phork/microphork/zipball/d7c6a3b2b72f2b61532d556870642ef882bda722",
                "reference": "d7c6a3b2b72f2b61532d556870642ef882bda722",
                "shasum": ""
            },
            "require": {
                "php": ">=5.3.0"
            },
            "type": "library",
            "extra": {
                "branch-alias": {
                    "dev-master": "0.1-dev"
                }
            },
            "autoload": {
                "psr-4": {
                    "Phork\\Core\\": "php/core/classes",
                    "Phork\\App\\": "php/app/classes"
                }
            },
            "notification-url": "https://packagist.org/downloads/",
            "license": [
                "MIT"
            ],
            "authors": [
                {
                    "name": "Elenor Collings",
                    "email": "hello@elenor.net",
                    "homepage": "http://elenor.net",
                    "role": "Developer"
                }
            ],
            "description": "The microphork framework",
            "homepage": "http://phork.org",
            "keywords": [
                "framework",
                "microphork",
                "phork"
            ],
            "time": "2014-03-23 17:00:57"
        },
        {
            "name": "microphork/package-auth",
            "version": "dev-master",
            "source": {
                "type": "git",
                "url": "https://github.com/phork/microphork-package-auth.git",
                "reference": "356faa01cfce1cc7a0acce117b7d0bae43cc433a"
            },
            "dist": {
                "type": "zip",
                "url": "https://api.github.com/repos/phork/microphork-package-auth/zipball/356faa01cfce1cc7a0acce117b7d0bae43cc433a",
                "reference": "356faa01cfce1cc7a0acce117b7d0bae43cc433a",
                "shasum": ""
            },
            "require": {
                "microphork/package-installer": "*"
            },
            "type": "microphork-package",
            "autoload": {
                "psr-4": {
                    "Phork\\Pkg\\Auth\\": "classes"
                }
            },
            "notification-url": "https://packagist.org/downloads/",
            "description": "An authentication package for the microphork framework",
            "time": "2014-03-23 17:07:30"
        },
        {
            "name": "microphork/package-installer",
            "version": "dev-master",
            "source": {
                "type": "git",
                "url": "https://github.com/phork/microphork-installer.git",
                "reference": "49c051fb7be87446bf214035035858de494b84cc"
            },
            "dist": {
                "type": "zip",
                "url": "https://api.github.com/repos/phork/microphork-installer/zipball/49c051fb7be87446bf214035035858de494b84cc",
                "reference": "49c051fb7be87446bf214035035858de494b84cc",
                "shasum": ""
            },
            "require": {
                "composer-plugin-api": "1.0.0"
            },
            "type": "composer-plugin",
            "extra": {
                "class": "Phork\\Composer\\InstallerPlugin",
                "branch-alias": {
                    "dev-master": "0.1-dev"
                }
            },
            "autoload": {
                "psr-0": {
                    "Phork\\Composer\\": "src/"
                }
            },
            "notification-url": "https://packagist.org/downloads/",
            "license": [
                "MIT"
            ],
            "description": "The package installer for the microphork framework",
            "time": "2014-03-23 17:10:37"
        }
    ],
    "packages-dev": [

    ],
    "aliases": [

    ],
    "minimum-stability": "dev",
    "stability-flags": [

    ],
    "platform": [

    ],
    "platform-dev": [

    ]
}
