{
    "_readme": [
        "This file locks the dependencies of your project to a known state",
        "Read more about it at http://getcomposer.org/doc/01-basic-usage.md#composer-lock-the-lock-file"
    ],
    "hash": "4ae50d98e586b639f18c761bcc413382",
    "packages": [
        {
            "name": "microphork/framework",
            "version": "dev-master",
            "source": {
                "type": "git",
                "url": "https://github.com/phork/microphork.git",
                "reference": "f864d2c58c92d68a1726674a686559ad74e6caec"
            },
            "dist": {
                "type": "zip",
                "url": "https://api.github.com/repos/phork/microphork/zipball/f864d2c58c92d68a1726674a686559ad74e6caec",
                "reference": "f864d2c58c92d68a1726674a686559ad74e6caec",
                "shasum": ""
            },
            "require": {
                "php": ">=5.3.0"
            },
            "type": "library",
            "extra": {
                "branch-alias": {
                    "dev-master": "0.1-dev"
                }
            },
            "autoload": {
                "psr-4": {
                    "Phork\\Core\\": "php/core/classes",
                    "Phork\\App\\": "php/app/classes"
                }
            },
            "notification-url": "https://packagist.org/downloads/",
            "license": [
                "MIT"
            ],
            "authors": [
                {
                    "name": "Elenor Collings",
                    "email": "hello@elenor.net",
                    "homepage": "http://elenor.net",
                    "role": "Developer"
                }
            ],
            "description": "The microphork framework",
            "homepage": "http://phork.org",
            "keywords": [
                "framework",
                "microphork",
                "phork"
            ],
            "time": "2014-03-11 01:09:21"
        },
        {
            "name": "microphork/package-auth",
            "version": "dev-master",
            "source": {
                "type": "git",
                "url": "https://github.com/phork/microphork-package-auth.git",
                "reference": "4ea1a2d5e228159fea95b469e5e5ea3ef7336635"
            },
            "dist": {
                "type": "zip",
                "url": "https://api.github.com/repos/phork/microphork-package-auth/zipball/4ea1a2d5e228159fea95b469e5e5ea3ef7336635",
                "reference": "4ea1a2d5e228159fea95b469e5e5ea3ef7336635",
                "shasum": ""
            },
            "require": {
                "microphork/package-installer": "*"
            },
            "type": "microphork-package",
            "autoload": {
                "psr-4": {
                    "Phork\\Pkg\\Auth\\": "classes"
                }
            },
            "notification-url": "https://packagist.org/downloads/",
            "description": "An authentication package for the microphork framework",
            "time": "2014-03-11 01:21:49"
        },
        {
            "name": "microphork/package-installer",
            "version": "dev-master",
            "source": {
                "type": "git",
                "url": "https://github.com/phork/microphork-installer.git",
                "reference": "4c4894bac451536eba871a8ec7f0e367f0a12b91"
            },
            "dist": {
                "type": "zip",
                "url": "https://api.github.com/repos/phork/microphork-installer/zipball/4c4894bac451536eba871a8ec7f0e367f0a12b91",
                "reference": "4c4894bac451536eba871a8ec7f0e367f0a12b91",
                "shasum": ""
            },
            "require": {
                "composer-plugin-api": "1.0.0"
            },
            "type": "composer-plugin",
            "extra": {
                "class": "Phork\\Composer\\InstallerPlugin",
                "branch-alias": {
                    "dev-master": "0.1-dev"
                }
            },
            "autoload": {
                "psr-0": {
                    "Phork\\Composer\\": "src/"
                }
            },
            "notification-url": "https://packagist.org/downloads/",
            "license": [
                "MIT"
            ],
            "description": "The package installer for the microphork framework",
            "time": "2014-03-10 16:23:54"
        }
    ],
    "packages-dev": [

    ],
    "aliases": [

    ],
    "minimum-stability": "dev",
    "stability-flags": [

    ],
    "platform": [

    ],
    "platform-dev": [

    ]
}
